{
  "name": "safesphere",
  "version": "1.0.0",
  "lockfileVersion": 3,
  "requires": true,
  "packages": {
    "": {
      "name": "safesphere",
      "version": "1.0.0",
      "devDependencies": {
        "https": "^1.0.0",
        "localhost": "^0.4.1",
        "selfsigned": "^5.5.0"
      }
    },
    "node_modules/@noble/hashes": {
      "version": "1.4.0",
      "resolved": "https://registry.npmjs.org/@noble/hashes/-/hashes-1.4.0.tgz",
      "integrity": "sha512-V1JJ1WTRUqHHrOSh597hURcMqVKVGL/ea3kv0gSnEdsEZ0/+VyPghM1lMNGc00z7CIQorSvbKpuJkxvuHbvdbg==",
      "dev": true,
      "license": "MIT",
      "engines": {
        "node": ">= 16"
      },
      "funding": {
        "url": "https://paulmillr.com/funding/"
      }
    },
    "node_modules/@peculiar/asn1-cms": {
      "version": "2.6.1",
      "resolved": "https://registry.npmjs.org/@peculiar/asn1-cms/-/asn1-cms-2.6.1.tgz",
      "integrity": "sha512-vdG4fBF6Lkirkcl53q6eOdn3XYKt+kJTG59edgRZORlg/3atWWEReRCx5rYE1ZzTTX6vLK5zDMjHh7vbrcXGtw==",
      "dev": true,
      "license": "MIT",
      "dependencies": {
        "@peculiar/asn1-schema": "^2.6.0",
        "@peculiar/asn1-x509": "^2.6.1",
        "@peculiar/asn1-x509-attr": "^2.6.1",
        "asn1js": "^3.0.6",
        "tslib": "^2.8.1"
      }
    },
    "node_modules/@peculiar/asn1-csr": {
      "version": "2.6.1",
      "resolved": "https://registry.npmjs.org/@peculiar/asn1-csr/-/asn1-csr-2.6.1.tgz",
      "integrity": "sha512-WRWnKfIocHyzFYQTka8O/tXCiBquAPSrRjXbOkHbO4qdmS6loffCEGs+rby6WxxGdJCuunnhS2duHURhjyio6w==",
      "dev": true,
      "license": "MIT",
      "dependencies": {
        "@peculiar/asn1-schema": "^2.6.0",
        "@peculiar/asn1-x509": "^2.6.1",
        "asn1js": "^3.0.6",
        "tslib": "^2.8.1"
      }
    },
    "node_modules/@peculiar/asn1-ecc": {
      "version": "2.6.1",
      "resolved": "https://registry.npmjs.org/@peculiar/asn1-ecc/-/asn1-ecc-2.6.1.tgz",
      "integrity": "sha512-+Vqw8WFxrtDIN5ehUdvlN2m73exS2JVG0UAyfVB31gIfor3zWEAQPD+K9ydCxaj3MLen9k0JhKpu9LqviuCE1g==",
      "dev": true,
      "license": "MIT",
      "dependencies": {
        "@peculiar/asn1-schema": "^2.6.0",
        "@peculiar/asn1-x509": "^2.6.1",
        "asn1js": "^3.0.6",
        "tslib": "^2.8.1"
      }
    },
    "node_modules/@peculiar/asn1-pfx": {
      "version": "2.6.1",
      "resolved": "https://registry.npmjs.org/@peculiar/asn1-pfx/-/asn1-pfx-2.6.1.tgz",
      "integrity": "sha512-nB5jVQy3MAAWvq0KY0R2JUZG8bO/bTLpnwyOzXyEh/e54ynGTatAR+csOnXkkVD9AFZ2uL8Z7EV918+qB1qDvw==",
      "dev": true,
      "license": "MIT",
      "dependencies": {
        "@peculiar/asn1-cms": "^2.6.1",
        "@peculiar/asn1-pkcs8": "^2.6.1",
        "@peculiar/asn1-rsa": "^2.6.1",
        "@peculiar/asn1-schema": "^2.6.0",
        "asn1js": "^3.0.6",
        "tslib": "^2.8.1"
      }
    },
    "node_modules/@peculiar/asn1-pkcs8": {
      "version": "2.6.1",
      "resolved": "https://registry.npmjs.org/@peculiar/asn1-pkcs8/-/asn1-pkcs8-2.6.1.tgz",
      "integrity": "sha512-JB5iQ9Izn5yGMw3ZG4Nw3Xn/hb/G38GYF3lf7WmJb8JZUydhVGEjK/ZlFSWhnlB7K/4oqEs8HnfFIKklhR58Tw==",
      "dev": true,
      "license": "MIT",
      "dependencies": {
        "@peculiar/asn1-schema": "^2.6.0",
        "@peculiar/asn1-x509": "^2.6.1",
        "asn1js": "^3.0.6",
        "tslib": "^2.8.1"
      }
    },
    "node_modules/@peculiar/asn1-pkcs9": {
      "version": "2.6.1",
      "resolved": "https://registry.npmjs.org/@peculiar/asn1-pkcs9/-/asn1-pkcs9-2.6.1.tgz",
      "integrity": "sha512-5EV8nZoMSxeWmcxWmmcolg22ojZRgJg+Y9MX2fnE2bGRo5KQLqV5IL9kdSQDZxlHz95tHvIq9F//bvL1OeNILw==",
      "dev": true,
      "license": "MIT",
      "dependencies": {
        "@peculiar/asn1-cms": "^2.6.1",
        "@peculiar/asn1-pfx": "^2.6.1",
        "@peculiar/asn1-pkcs8": "^2.6.1",
        "@peculiar/asn1-schema": "^2.6.0",
        "@peculiar/asn1-x509": "^2.6.1",
        "@peculiar/asn1-x509-attr": "^2.6.1",
        "asn1js": "^3.0.6",
        "tslib": "^2.8.1"
      }
    },
    "node_modules/@peculiar/asn1-rsa": {
      "version": "2.6.1",
      "resolved": "https://registry.npmjs.org/@peculiar/asn1-rsa/-/asn1-rsa-2.6.1.tgz",
      "integrity": "sha512-1nVMEh46SElUt5CB3RUTV4EG/z7iYc7EoaDY5ECwganibQPkZ/Y2eMsTKB/LeyrUJ+W/tKoD9WUqIy8vB+CEdA==",
      "dev": true,
      "license": "MIT",
      "dependencies": {
        "@peculiar/asn1-schema": "^2.6.0",
        "@peculiar/asn1-x509": "^2.6.1",
        "asn1js": "^3.0.6",
        "tslib": "^2.8.1"
      }
    },
    "node_modules/@peculiar/asn1-schema": {
      "version": "2.6.0",
      "resolved": "https://registry.npmjs.org/@peculiar/asn1-schema/-/asn1-schema-2.6.0.tgz",
      "integrity": "sha512-xNLYLBFTBKkCzEZIw842BxytQQATQv+lDTCEMZ8C196iJcJJMBUZxrhSTxLaohMyKK8QlzRNTRkUmanucnDSqg==",
      "dev": true,
      "license": "MIT",
      "dependencies": {
        "asn1js": "^3.0.6",
        "pvtsutils": "^1.3.6",
        "tslib": "^2.8.1"
      }
    },
    "node_modules/@peculiar/asn1-x509": {
      "version": "2.6.1",
      "resolved": "https://registry.npmjs.org/@peculiar/asn1-x509/-/asn1-x509-2.6.1.tgz",
      "integrity": "sha512-O9jT5F1A2+t3r7C4VT7LYGXqkGLK7Kj1xFpz7U0isPrubwU5PbDoyYtx6MiGst29yq7pXN5vZbQFKRCP+lLZlA==",
      "dev": true,
      "license": "MIT",
      "dependencies": {
        "@peculiar/asn1-schema": "^2.6.0",
        "asn1js": "^3.0.6",
        "pvtsutils": "^1.3.6",
        "tslib": "^2.8.1"
      }
    },
    "node_modules/@peculiar/asn1-x509-attr": {
      "version": "2.6.1",
      "resolved": "https://registry.npmjs.org/@peculiar/asn1-x509-attr/-/asn1-x509-attr-2.6.1.tgz",
      "integrity": "sha512-tlW6cxoHwgcQghnJwv3YS+9OO1737zgPogZ+CgWRUK4roEwIPzRH4JEiG770xe5HX2ATfCpmX60gurfWIF9dcQ==",
      "dev": true,
      "license": "MIT",
      "dependencies": {
        "@peculiar/asn1-schema": "^2.6.0",
        "@peculiar/asn1-x509": "^2.6.1",
        "asn1js": "^3.0.6",
        "tslib": "^2.8.1"
      }
    },
    "node_modules/@peculiar/x509": {
      "version": "1.14.3",
      "resolved": "https://registry.npmjs.org/@peculiar/x509/-/x509-1.14.3.tgz",
      "integrity": "sha512-C2Xj8FZ0uHWeCXXqX5B4/gVFQmtSkiuOolzAgutjTfseNOHT3pUjljDZsTSxXFGgio54bCzVFqmEOUrIVk8RDA==",
      "dev": true,
      "license": "MIT",
      "dependencies": {
        "@peculiar/asn1-cms": "^2.6.0",
        "@peculiar/asn1-csr": "^2.6.0",
        "@peculiar/asn1-ecc": "^2.6.0",
        "@peculiar/asn1-pkcs9": "^2.6.0",
        "@peculiar/asn1-rsa": "^2.6.0",
        "@peculiar/asn1-schema": "^2.6.0",
        "@peculiar/asn1-x509": "^2.6.0",
        "pvtsutils": "^1.3.6",
        "reflect-metadata": "^0.2.2",
        "tslib": "^2.8.1",
        "tsyringe": "^4.10.0"
      },
      "engines": {
        "node": ">=20.0.0"
      }
    },
    "node_modules/asn1js": {
      "version": "3.0.7",
      "resolved": "https://registry.npmjs.org/asn1js/-/asn1js-3.0.7.tgz",
      "integrity": "sha512-uLvq6KJu04qoQM6gvBfKFjlh6Gl0vOKQuR5cJMDHQkmwfMOQeN3F3SHCv9SNYSL+CRoHvOGFfllDlVz03GQjvQ==",
      "dev": true,
      "license": "BSD-3-Clause",
      "dependencies": {
        "pvtsutils": "^1.3.6",
        "pvutils": "^1.1.3",
        "tslib": "^2.8.1"
      },
      "engines": {
        "node": ">=12.0.0"
      }
    },
    "node_modules/async": {
      "version": "3.2.6",
      "resolved": "https://registry.npmjs.org/async/-/async-3.2.6.tgz",
      "integrity": "sha512-htCUDlxyyCLMgaM3xXg0C0LW2xqfuQ6p05pCEIsXuyQ+a1koYKTuBMzRNwmybfLgvJDMd0r1LTn4+E0Ti6C2AA==",
      "dev": true,
      "license": "MIT"
    },
    "node_modules/bytestreamjs": {
      "version": "2.0.1",
      "resolved": "https://registry.npmjs.org/bytestreamjs/-/bytestreamjs-2.0.1.tgz",
      "integrity": "sha512-U1Z/ob71V/bXfVABvNr/Kumf5VyeQRBEm6Txb0PQ6S7V5GpBM3w4Cbqz/xPDicR5tN0uvDifng8C+5qECeGwyQ==",
      "dev": true,
      "license": "BSD-3-Clause",
      "engines": {
        "node": ">=6.0.0"
      }
    },
    "node_modules/debug": {
      "version": "2.6.9",
      "resolved": "https://registry.npmjs.org/debug/-/debug-2.6.9.tgz",
      "integrity": "sha512-bC7ElrdJaJnPbAP+1EotYvqZsb3ecl5wi6Bfi6BJTUcNowp6cvspg0jXznRTKDjm/E7AdgFBVeAPVMNcKGsHMA==",
      "dev": true,
      "license": "MIT",
      "dependencies": {
        "ms": "2.0.0"
      }
    },
    "node_modules/depd": {
      "version": "2.0.0",
      "resolved": "https://registry.npmjs.org/depd/-/depd-2.0.0.tgz",
      "integrity": "sha512-g7nH6P6dyDioJogAAGprGpCtVImJhpPk/roCzdb3fIh61/s/nPsfR6onyMwkCAR/OlC3yBC0lESvUoQEAssIrw==",
      "dev": true,
      "license": "MIT",
      "engines": {
        "node": ">= 0.8"
      }
    },
    "node_modules/destroy": {
      "version": "1.2.0",
      "resolved": "https://registry.npmjs.org/destroy/-/destroy-1.2.0.tgz",
      "integrity": "sha512-2sJGJTaXIIaR1w4iJSNoN0hnMY7Gpc/n8D4qSCJw8QqFWXf7cuAgnEHxBpweaVcPevC2l3KpjYCx3NypQQgaJg==",
      "dev": true,
      "license": "MIT",
      "engines": {
        "node": ">= 0.8",
        "npm": "1.2.8000 || >= 1.4.16"
      }
    },
    "node_modules/ee-first": {
      "version": "1.1.1",
      "resolved": "https://registry.npmjs.org/ee-first/-/ee-first-1.1.1.tgz",
      "integrity": "sha512-WMwm9LhRUo+WUaRN+vRuETqG89IgZphVSNkdFgeb6sS/E4OrDIN7t48CAewSHXc6C8lefD8KKfr5vY61brQlow==",
      "dev": true,
      "license": "MIT"
    },
    "node_modules/encodeurl": {
      "version": "2.0.0",
      "resolved": "https://registry.npmjs.org/encodeurl/-/encodeurl-2.0.0.tgz",
      "integrity": "sha512-Q0n9HRi4m6JuGIV1eFlmvJB7ZEVxu93IrMyiMsGC0lrMJMWzRgx6WGquyfQgZVb31vhGgXnfmPNNXmxnOkRBrg==",
      "dev": true,
      "license": "MIT",
      "engines": {
        "node": ">= 0.8"
      }
    },
    "node_modules/escape-html": {
      "version": "1.0.3",
      "resolved": "https://registry.npmjs.org/escape-html/-/escape-html-1.0.3.tgz",
      "integrity": "sha512-NiSupZ4OeuGwr68lGIeym/ksIZMJodUGOSCZ/FSnTxcrekbvqrgdUxlJOMpijaKZVjAJrWrGs/6Jy8OMuyj9ow==",
      "dev": true,
      "license": "MIT"
    },
    "node_modules/etag": {
      "version": "1.8.1",
      "resolved": "https://registry.npmjs.org/etag/-/etag-1.8.1.tgz",
      "integrity": "sha512-aIL5Fx7mawVa300al2BnEE4iNvo1qETxLrPI/o05L7z6go7fCw1J6EQmbK4FmJ2AS7kgVF/KEZWufBfdClMcPg==",
      "dev": true,
      "license": "MIT",
      "engines": {
        "node": ">= 0.6"
      }
    },
    "node_modules/finalhandler": {
      "version": "1.3.2",
      "resolved": "https://registry.npmjs.org/finalhandler/-/finalhandler-1.3.2.tgz",
      "integrity": "sha512-aA4RyPcd3badbdABGDuTXCMTtOneUCAYH/gxoYRTZlIJdF0YPWuGqiAsIrhNnnqdXGswYk6dGujem4w80UJFhg==",
      "dev": true,
      "license": "MIT",
      "dependencies": {
        "debug": "2.6.9",
        "encodeurl": "~2.0.0",
        "escape-html": "~1.0.3",
        "on-finished": "~2.4.1",
        "parseurl": "~1.3.3",
        "statuses": "~2.0.2",
        "unpipe": "~1.0.0"
      },
      "engines": {
        "node": ">= 0.8"
      }
    },
    "node_modules/fresh": {
      "version": "0.5.2",
      "resolved": "https://registry.npmjs.org/fresh/-/fresh-0.5.2.tgz",
      "integrity": "sha512-zJ2mQYM18rEFOudeV4GShTGIQ7RbzA7ozbU9I/XBpm7kqgMywgmylMwXHxZJmkVoYkna9d2pVXVXPdYTP9ej8Q==",
      "dev": true,
      "license": "MIT",
      "engines": {
        "node": ">= 0.6"
      }
    },
    "node_modules/http-errors": {
      "version": "2.0.1",
      "resolved": "https://registry.npmjs.org/http-errors/-/http-errors-2.0.1.tgz",
      "integrity": "sha512-4FbRdAX+bSdmo4AUFuS0WNiPz8NgFt+r8ThgNWmlrjQjt1Q7ZR9+zTlce2859x4KSXrwIsaeTqDoKQmtP8pLmQ==",
      "dev": true,
      "license": "MIT",
      "dependencies": {
        "depd": "~2.0.0",
        "inherits": "~2.0.4",
        "setprototypeof": "~1.2.0",
        "statuses": "~2.0.2",
        "toidentifier": "~1.0.1"
      },
      "engines": {
        "node": ">= 0.8"
      },
      "funding": {
        "type": "opencollective",
        "url": "https://opencollective.com/express"
      }
    },
    "node_modules/https": {
      "version": "1.0.0",
      "resolved": "https://registry.npmjs.org/https/-/https-1.0.0.tgz",
      "integrity": "sha512-4EC57ddXrkaF0x83Oj8sM6SLQHAWXw90Skqu2M4AEWENZ3F02dFJE/GARA8igO79tcgYqGrD7ae4f5L3um2lgg==",
      "dev": true,
      "license": "ISC"
    },
    "node_modules/inherits": {
      "version": "2.0.4",
      "resolved": "https://registry.npmjs.org/inherits/-/inherits-2.0.4.tgz",
      "integrity": "sha512-k/vGaX4/Yla3WzyMCvTQOXYeIHvqOKtnqBduzTHpzpQZzAskKMhZ2K+EnBiSM9zGSoIFeMpXKxa4dYeZIQqewQ==",
      "dev": true,
      "license": "ISC"
    },
    "node_modules/localhost": {
      "version": "0.4.1",
      "resolved": "https://registry.npmjs.org/localhost/-/localhost-0.4.1.tgz",
      "integrity": "sha512-W202hF0AXwalrUE4cZtVJYTQbawKdIwfO3hetcqHlptuLeUmQemkf4/hxYywUctMLp+BqqqAM5DXu/a5t2s+lg==",
      "dev": true,
      "license": "BSD",
      "dependencies": {
        "finalhandler": "^1.2.0",
        "minimist": "^1.2.6",
        "portfinder": "^1.0.28",
        "serve-static": "^1.15.0"
      },
      "bin": {
        "localhost": "bin/localhost.js"
      }
    },
    "node_modules/mime": {
      "version": "1.6.0",
      "resolved": "https://registry.npmjs.org/mime/-/mime-1.6.0.tgz",
      "integrity": "sha512-x0Vn8spI+wuJ1O6S7gnbaQg8Pxh4NNHb7KSINmEWKiPE4RKOplvijn+NkmYmmRgP68mc70j2EbeTFRsrswaQeg==",
      "dev": true,
      "license": "MIT",
      "bin": {
        "mime": "cli.js"
      },
      "engines": {
        "node": ">=4"
      }
    },
    "node_modules/minimist": {
      "version": "1.2.8",
      "resolved": "https://registry.npmjs.org/minimist/-/minimist-1.2.8.tgz",
      "integrity": "sha512-2yyAR8qBkN3YuheJanUpWC5U3bb5osDywNB8RzDVlDwDHbocAJveqqj1u8+SVD7jkWT4yvsHCpWqqWqAxb0zCA==",
      "dev": true,
      "license": "MIT",
      "funding": {
        "url": "https://github.com/sponsors/ljharb"
      }
    },
    "node_modules/ms": {
      "version": "2.0.0",
      "resolved": "https://registry.npmjs.org/ms/-/ms-2.0.0.tgz",
      "integrity": "sha512-Tpp60P6IUJDTuOq/5Z8cdskzJujfwqfOTkrwIwj7IRISpnkJnT6SyJ4PCPnGMoFjC9ddhal5KVIYtAt97ix05A==",
      "dev": true,
      "license": "MIT"
    },
    "node_modules/on-finished": {
      "version": "2.4.1",
      "resolved": "https://registry.npmjs.org/on-finished/-/on-finished-2.4.1.tgz",
      "integrity": "sha512-oVlzkg3ENAhCk2zdv7IJwd/QUD4z2RxRwpkcGY8psCVcCYZNq4wYnVWALHM+brtuJjePWiYF/ClmuDr8Ch5+kg==",
      "dev": true,
      "license": "MIT",
      "dependencies": {
        "ee-first": "1.1.1"
      },
      "engines": {
        "node": ">= 0.8"
      }
    },
    "node_modules/parseurl": {
      "version": "1.3.3",
      "resolved": "https://registry.npmjs.org/parseurl/-/parseurl-1.3.3.tgz",
      "integrity": "sha512-CiyeOxFT/JZyN5m0z9PfXw4SCBJ6Sygz1Dpl0wqjlhDEGGBP1GnsUVEL0p63hoG1fcj3fHynXi9NYO4nWOL+qQ==",
      "dev": true,
      "license": "MIT",
      "engines": {
        "node": ">= 0.8"
      }
    },
    "node_modules/pkijs": {
      "version": "3.3.3",
      "resolved": "https://registry.npmjs.org/pkijs/-/pkijs-3.3.3.tgz",
      "integrity": "sha512-+KD8hJtqQMYoTuL1bbGOqxb4z+nZkTAwVdNtWwe8Tc2xNbEmdJYIYoc6Qt0uF55e6YW6KuTHw1DjQ18gMhzepw==",
      "dev": true,
      "license": "BSD-3-Clause",
      "dependencies": {
        "@noble/hashes": "1.4.0",
        "asn1js": "^3.0.6",
        "bytestreamjs": "^2.0.1",
        "pvtsutils": "^1.3.6",
        "pvutils": "^1.1.3",
        "tslib": "^2.8.1"
      },
      "engines": {
        "node": ">=16.0.0"
      }
    },
    "node_modules/portfinder": {
      "version": "1.0.38",
      "resolved": "https://registry.npmjs.org/portfinder/-/portfinder-1.0.38.tgz",
      "integrity": "sha512-rEwq/ZHlJIKw++XtLAO8PPuOQA/zaPJOZJ37BVuN97nLpMJeuDVLVGRwbFoBgLudgdTMP2hdRJP++H+8QOA3vg==",
      "dev": true,
      "license": "MIT",
      "dependencies": {
        "async": "^3.2.6",
        "debug": "^4.3.6"
      },
      "engines": {
        "node": ">= 10.12"
      }
    },
    "node_modules/portfinder/node_modules/debug": {
      "version": "4.4.3",
      "resolved": "https://registry.npmjs.org/debug/-/debug-4.4.3.tgz",
      "integrity": "sha512-RGwwWnwQvkVfavKVt22FGLw+xYSdzARwm0ru6DhTVA3umU5hZc28V3kO4stgYryrTlLpuvgI9GiijltAjNbcqA==",
      "dev": true,
      "license": "MIT",
      "dependencies": {
        "ms": "^2.1.3"
      },
      "engines": {
        "node": ">=6.0"
      },
      "peerDependenciesMeta": {
        "supports-color": {
          "optional": true
        }
      }
    },
    "node_modules/portfinder/node_modules/ms": {
      "version": "2.1.3",
      "resolved": "https://registry.npmjs.org/ms/-/ms-2.1.3.tgz",
      "integrity": "sha512-6FlzubTLZG3J2a/NVCAleEhjzq5oxgHyaCU9yYXvcLsvoVaHJq/s5xXI6/XXP6tz7R9xAOtHnSO/tXtF3WRTlA==",
      "dev": true,
      "license": "MIT"
    },
    "node_modules/pvtsutils": {
      "version": "1.3.6",
      "resolved": "https://registry.npmjs.org/pvtsutils/-/pvtsutils-1.3.6.tgz",
      "integrity": "sha512-PLgQXQ6H2FWCaeRak8vvk1GW462lMxB5s3Jm673N82zI4vqtVUPuZdffdZbPDFRoU8kAhItWFtPCWiPpp4/EDg==",
      "dev": true,
      "license": "MIT",
      "dependencies": {
        "tslib": "^2.8.1"
      }
    },
    "node_modules/pvutils": {
      "version": "1.1.5",
      "resolved": "https://registry.npmjs.org/pvutils/-/pvutils-1.1.5.tgz",
      "integrity": "sha512-KTqnxsgGiQ6ZAzZCVlJH5eOjSnvlyEgx1m8bkRJfOhmGRqfo5KLvmAlACQkrjEtOQ4B7wF9TdSLIs9O90MX9xA==",
      "dev": true,
      "license": "MIT",
      "engines": {
        "node": ">=16.0.0"
      }
    },
    "node_modules/range-parser": {
      "version": "1.2.1",
      "resolved": "https://registry.npmjs.org/range-parser/-/range-parser-1.2.1.tgz",
      "integrity": "sha512-Hrgsx+orqoygnmhFbKaHE6c296J+HTAQXoxEF6gNupROmmGJRoyzfG3ccAveqCBrwr/2yxQ5BVd/GTl5agOwSg==",
      "dev": true,
      "license": "MIT",
      "engines": {
        "node": ">= 0.6"
      }
    },
    "node_modules/reflect-metadata": {
      "version": "0.2.2",
      "resolved": "https://registry.npmjs.org/reflect-metadata/-/reflect-metadata-0.2.2.tgz",
      "integrity": "sha512-urBwgfrvVP/eAyXx4hluJivBKzuEbSQs9rKWCrCkbSxNv8mxPcUZKeuoF3Uy4mJl3Lwprp6yy5/39VWigZ4K6Q==",
      "dev": true,
      "license": "Apache-2.0"
    },
    "node_modules/selfsigned": {
      "version": "5.5.0",
      "resolved": "https://registry.npmjs.org/selfsigned/-/selfsigned-5.5.0.tgz",
      "integrity": "sha512-ftnu3TW4+3eBfLRFnDEkzGxSF/10BJBkaLJuBHZX0kiPS7bRdlpZGu6YGt4KngMkdTwJE6MbjavFpqHvqVt+Ew==",
      "dev": true,
      "license": "MIT",
      "dependencies": {
        "@peculiar/x509": "^1.14.2",
        "pkijs": "^3.3.3"
      },
      "engines": {
        "node": ">=18"
      }
    },
    "node_modules/send": {
      "version": "0.19.2",
      "resolved": "https://registry.npmjs.org/send/-/send-0.19.2.tgz",
      "integrity": "sha512-VMbMxbDeehAxpOtWJXlcUS5E8iXh6QmN+BkRX1GARS3wRaXEEgzCcB10gTQazO42tpNIya8xIyNx8fll1OFPrg==",
      "dev": true,
      "license": "MIT",
      "dependencies": {
        "debug": "2.6.9",
        "depd": "2.0.0",
        "destroy": "1.2.0",
        "encodeurl": "~2.0.0",
        "escape-html": "~1.0.3",
        "etag": "~1.8.1",
        "fresh": "~0.5.2",
        "http-errors": "~2.0.1",
        "mime": "1.6.0",
        "ms": "2.1.3",
        "on-finished": "~2.4.1",
        "range-parser": "~1.2.1",
        "statuses": "~2.0.2"
      },
      "engines": {
        "node": ">= 0.8.0"
      }
    },
    "node_modules/send/node_modules/ms": {
      "version": "2.1.3",
      "resolved": "https://registry.npmjs.org/ms/-/ms-2.1.3.tgz",
      "integrity": "sha512-6FlzubTLZG3J2a/NVCAleEhjzq5oxgHyaCU9yYXvcLsvoVaHJq/s5xXI6/XXP6tz7R9xAOtHnSO/tXtF3WRTlA==",
      "dev": true,
      "license": "MIT"
    },
    "node_modules/serve-static": {
      "version": "1.16.3",
      "resolved": "https://registry.npmjs.org/serve-static/-/serve-static-1.16.3.tgz",
      "integrity": "sha512-x0RTqQel6g5SY7Lg6ZreMmsOzncHFU7nhnRWkKgWuMTu5NN0DR5oruckMqRvacAN9d5w6ARnRBXl9xhDCgfMeA==",
      "dev": true,
      "license": "MIT",
      "dependencies": {
        "encodeurl": "~2.0.0",
        "escape-html": "~1.0.3",
        "parseurl": "~1.3.3",
        "send": "~0.19.1"
      },
      "engines": {
        "node": ">= 0.8.0"
      }
    },
    "node_modules/setprototypeof": {
      "version": "1.2.0",
      "resolved": "https://registry.npmjs.org/setprototypeof/-/setprototypeof-1.2.0.tgz",
      "integrity": "sha512-E5LDX7Wrp85Kil5bhZv46j8jOeboKq5JMmYM3gVGdGH8xFpPWXUMsNrlODCrkoxMEeNi/XZIwuRvY4XNwYMJpw==",
      "dev": true,
      "license": "ISC"
    },
    "node_modules/statuses": {
      "version": "2.0.2",
      "resolved": "https://registry.npmjs.org/statuses/-/statuses-2.0.2.tgz",
      "integrity": "sha512-DvEy55V3DB7uknRo+4iOGT5fP1slR8wQohVdknigZPMpMstaKJQWhwiYBACJE3Ul2pTnATihhBYnRhZQHGBiRw==",
      "dev": true,
      "license": "MIT",
      "engines": {
        "node": ">= 0.8"
      }
    },
    "node_modules/toidentifier": {
      "version": "1.0.1",
      "resolved": "https://registry.npmjs.org/toidentifier/-/toidentifier-1.0.1.tgz",
      "integrity": "sha512-o5sSPKEkg/DIQNmH43V0/uerLrpzVedkUh8tGNvaeXpfpuwjKenlSox/2O/BTlZUtEe+JG7s5YhEz608PlAHRA==",
      "dev": true,
      "license": "MIT",
      "engines": {
        "node": ">=0.6"
      }
    },
    "node_modules/tslib": {
      "version": "2.8.1",
      "resolved": "https://registry.npmjs.org/tslib/-/tslib-2.8.1.tgz",
      "integrity": "sha512-oJFu94HQb+KVduSUQL7wnpmqnfmLsOA/nAh6b6EH0wCEoK0/mPeXU6c3wKDV83MkOuHPRHtSXKKU99IBazS/2w==",
      "dev": true,
      "license": "0BSD"
    },
    "node_modules/tsyringe": {
      "version": "4.10.0",
      "resolved": "https://registry.npmjs.org/tsyringe/-/tsyringe-4.10.0.tgz",
      "integrity": "sha512-axr3IdNuVIxnaK5XGEUFTu3YmAQ6lllgrvqfEoR16g/HGnYY/6We4oWENtAnzK6/LpJ2ur9PAb80RBt7/U4ugw==",
      "dev": true,
      "license": "MIT",
      "dependencies": {
        "tslib": "^1.9.3"
      },
      "engines": {
        "node": ">= 6.0.0"
      }
    },
    "node_modules/tsyringe/node_modules/tslib": {
      "version": "1.14.1",
      "resolved": "https://registry.npmjs.org/tslib/-/tslib-1.14.1.tgz",
      "integrity": "sha512-Xni35NKzjgMrwevysHTCArtLDpPvye8zV/0E4EyYn43P7/7qvQwPh9BGkHewbMulVntbigmcT7rdX3BNo9wRJg==",
      "dev": true,
      "license": "0BSD"
    },
    "node_modules/unpipe": {
      "version": "1.0.0",
      "resolved": "https://registry.npmjs.org/unpipe/-/unpipe-1.0.0.tgz",
      "integrity": "sha512-pjy2bYhSsufwWlKwPc+l3cN7+wuJlK6uz0YdJEOlQDbl6jo/YlPi4mb8agUkVC8BF7V8NuzeyPNqRksA3hztKQ==",
      "dev": true,
      "license": "MIT",
      "engines": {
        "node": ">= 0.8"
      }
    }
  }
}
